
Microsoft Visual Studio Solution File, Format Version 12.00
# Visual Studio 14
VisualStudioVersion = 14.0.25420.1
MinimumVisualStudioVersion = 10.0.40219.1
Project("{FAE04EC0-301F-11D3-BF4B-00C04F79EFBC}") = "01.RectanglesOf10x10Stars", "01.RectanglesOf10x10Stars\01.RectanglesOf10x10Stars.csproj", "{C806CE49-9D86-40E9-BF04-F4528F798D87}"
EndProject
Project("{FAE04EC0-301F-11D3-BF4B-00C04F79EFBC}") = "02.RectangleOfNxNStars", "02.RectangleOfNxNStars\02.RectangleOfNxNStars.csproj", "{C4CC79B1-8519-4CA1-9B8D-03C8F03DDFE6}"
EndProject
Project("{FAE04EC0-301F-11D3-BF4B-00C04F79EFBC}") = "03.SquareOfStars", "03.SquareOfStars\03.SquareOfStars.csproj", "{C0355B24-9A86-4A47-A1D5-E87B9DFBDCE0}"
EndProject
Project("{FAE04EC0-301F-11D3-BF4B-00C04F79EFBC}") = "04.TriangleOfDolars", "04.TriangleOfDolars\04.TriangleOfDolars.csproj", "{DFDF48C6-F25C-42FD-A8A3-E7C251DABB0C}"
EndProject
Project("{FAE04EC0-301F-11D3-BF4B-00C04F79EFBC}") = "05.SquareFrame", "05.SquareFrame\05.SquareFrame.csproj", "{8B4D47A5-7401-4919-AE02-8BA485666F6D}"
EndProject
Project("{FAE04EC0-301F-11D3-BF4B-00C04F79EFBC}") = "06.RhombusOfStars", "06.RhombusOfStars\06.RhombusOfStars.csproj", "{7ED92F03-4FD4-4A91-9AB9-4294B395D962}"
EndProject
Project("{FAE04EC0-301F-11D3-BF4B-00C04F79EFBC}") = "07.ChristmasTree", "07.ChristmasTree\07.ChristmasTree.csproj", "{405ACF8D-0FE3-420A-AA4B-A8EEB1197CD5}"
EndProject
Project("{FAE04EC0-301F-11D3-BF4B-00C04F79EFBC}") = "08.Sunglasses", "08.Sunglasses\08.Sunglasses.csproj", "{A4E68C19-A0AF-4AE1-991A-418D6DEF8947}"
EndProject
Project("{FAE04EC0-301F-11D3-BF4B-00C04F79EFBC}") = "09.House", "09.House\09.House.csproj", "{1B32FC7F-0739-4FC5-9FDD-68C20C405105}"
EndProject
Project("{FAE04EC0-301F-11D3-BF4B-00C04F79EFBC}") = "demo", "demo\demo.csproj", "{78DFF2DA-45A0-4C5A-9A3F-808DB98FC6E6}"
EndProject
Global
	GlobalSection(SolutionConfigurationPlatforms) = preSolution
		Debug|Any CPU = Debug|Any CPU
		Release|Any CPU = Release|Any CPU
	EndGlobalSection
	GlobalSection(ProjectConfigurationPlatforms) = postSolution
		{C806CE49-9D86-40E9-BF04-F4528F798D87}.Debug|Any CPU.ActiveCfg = Debug|Any CPU
		{C806CE49-9D86-40E9-BF04-F4528F798D87}.Debug|Any CPU.Build.0 = Debug|Any CPU
		{C806CE49-9D86-40E9-BF04-F4528F798D87}.Release|Any CPU.ActiveCfg = Release|Any CPU
		{C806CE49-9D86-40E9-BF04-F4528F798D87}.Release|Any CPU.Build.0 = Release|Any CPU
		{C4CC79B1-8519-4CA1-9B8D-03C8F03DDFE6}.Debug|Any CPU.ActiveCfg = Debug|Any CPU
		{C4CC79B1-8519-4CA1-9B8D-03C8F03DDFE6}.Debug|Any CPU.Build.0 = Debug|Any CPU
		{C4CC79B1-8519-4CA1-9B8D-03C8F03DDFE6}.Release|Any CPU.ActiveCfg = Release|Any CPU
		{C4CC79B1-8519-4CA1-9B8D-03C8F03DDFE6}.Release|Any CPU.Build.0 = Release|Any CPU
		{C0355B24-9A86-4A47-A1D5-E87B9DFBDCE0}.Debug|Any CPU.ActiveCfg = Debug|Any CPU
		{C0355B24-9A86-4A47-A1D5-E87B9DFBDCE0}.Debug|Any CPU.Build.0 = Debug|Any CPU
		{C0355B24-9A86-4A47-A1D5-E87B9DFBDCE0}.Release|Any CPU.ActiveCfg = Release|Any CPU
		{C0355B24-9A86-4A47-A1D5-E87B9DFBDCE0}.Release|Any CPU.Build.0 = Release|Any CPU
		{DFDF48C6-F25C-42FD-A8A3-E7C251DABB0C}.Debug|Any CPU.ActiveCfg = Debug|Any CPU
		{DFDF48C6-F25C-42FD-A8A3-E7C251DABB0C}.Debug|Any CPU.Build.0 = Debug|Any CPU
		{DFDF48C6-F25C-42FD-A8A3-E7C251DABB0C}.Release|Any CPU.ActiveCfg = Release|Any CPU
		{DFDF48C6-F25C-42FD-A8A3-E7C251DABB0C}.Release|Any CPU.Build.0 = Release|Any CPU
		{8B4D47A5-7401-4919-AE02-8BA485666F6D}.Debug|Any CPU.ActiveCfg = Debug|Any CPU
		{8B4D47A5-7401-4919-AE02-8BA485666F6D}.Debug|Any CPU.Build.0 = Debug|Any CPU
		{8B4D47A5-7401-4919-AE02-8BA485666F6D}.Release|Any CPU.ActiveCfg = Release|Any CPU
		{8B4D47A5-7401-4919-AE02-8BA485666F6D}.Release|Any CPU.Build.0 = Release|Any CPU
		{7ED92F03-4FD4-4A91-9AB9-4294B395D962}.Debug|Any CPU.ActiveCfg = Debug|Any CPU
		{7ED92F03-4FD4-4A91-9AB9-4294B395D962}.Debug|Any CPU.Build.0 = Debug|Any CPU
		{7ED92F03-4FD4-4A91-9AB9-4294B395D962}.Release|Any CPU.ActiveCfg = Release|Any CPU
		{7ED92F03-4FD4-4A91-9AB9-4294B395D962}.Release|Any CPU.Build.0 = Release|Any CPU
		{405ACF8D-0FE3-420A-AA4B-A8EEB1197CD5}.Debug|Any CPU.ActiveCfg = Debug|Any CPU
		{405ACF8D-0FE3-420A-AA4B-A8EEB1197CD5}.Debug|Any CPU.Build.0 = Debug|Any CPU
		{405ACF8D-0FE3-420A-AA4B-A8EEB1197CD5}.Release|Any CPU.ActiveCfg = Release|Any CPU
		{405ACF8D-0FE3-420A-AA4B-A8EEB1197CD5}.Release|Any CPU.Build.0 = Release|Any CPU
		{A4E68C19-A0AF-4AE1-991A-418D6DEF8947}.Debug|Any CPU.ActiveCfg = Debug|Any CPU
		{A4E68C19-A0AF-4AE1-991A-418D6DEF8947}.Debug|Any CPU.Build.0 = Debug|Any CPU
		{A4E68C19-A0AF-4AE1-991A-418D6DEF8947}.Release|Any CPU.ActiveCfg = Release|Any CPU
		{A4E68C19-A0AF-4AE1-991A-418D6DEF8947}.Release|Any CPU.Build.0 = Release|Any CPU
		{1B32FC7F-0739-4FC5-9FDD-68C20C405105}.Debug|Any CPU.ActiveCfg = Debug|Any CPU
		{1B32FC7F-0739-4FC5-9FDD-68C20C405105}.Debug|Any CPU.Build.0 = Debug|Any CPU
		{1B32FC7F-0739-4FC5-9FDD-68C20C405105}.Release|Any CPU.ActiveCfg = Release|Any CPU
		{1B32FC7F-0739-4FC5-9FDD-68C20C405105}.Release|Any CPU.Build.0 = Release|Any CPU
		{78DFF2DA-45A0-4C5A-9A3F-808DB98FC6E6}.Debug|Any CPU.ActiveCfg = Debug|Any CPU
		{78DFF2DA-45A0-4C5A-9A3F-808DB98FC6E6}.Debug|Any CPU.Build.0 = Debug|Any CPU
		{78DFF2DA-45A0-4C5A-9A3F-808DB98FC6E6}.Release|Any CPU.ActiveCfg = Release|Any CPU
		{78DFF2DA-45A0-4C5A-9A3F-808DB98FC6E6}.Release|Any CPU.Build.0 = Release|Any CPU
	EndGlobalSection
	GlobalSection(SolutionProperties) = preSolution
		HideSolutionNode = FALSE
	EndGlobalSection
EndGlobal
